// !$*UTF8*$!
{
	archiveVersion = 1;
	classes = {
	};
	objectVersion = 46;
	objects = {

/* Begin PBXBuildFile section */
		041EBE5219551CFC00828F00 /* ACERecorderWindowViewController.m in Sources */ = {isa = PBXBuildFile; fileRef = 041EBE5119551CFC00828F00 /* ACERecorderWindowViewController.m */; };
		041EBE5519553E5700828F00 /* ACECameraWindowViewController.m in Sources */ = {isa = PBXBuildFile; fileRef = 041EBE5419553E5700828F00 /* ACECameraWindowViewController.m */; };
		042B9DFF196A5A9B003E3F66 /* ACEVideosTableViewController.m in Sources */ = {isa = PBXBuildFile; fileRef = 042B9DFE196A5A9B003E3F66 /* ACEVideosTableViewController.m */; };
		042B9E08196A5C05003E3F66 /* ACEImagesTableViewController.m in Sources */ = {isa = PBXBuildFile; fileRef = 042B9E07196A5C05003E3F66 /* ACEImagesTableViewController.m */; };
		042B9E0B196A5C75003E3F66 /* ACEAudiosTableViewController.m in Sources */ = {isa = PBXBuildFile; fileRef = 042B9E0A196A5C75003E3F66 /* ACEAudiosTableViewController.m */; };
		043EBDDA197F03EB0005C46C /* arc.xcdatamodeld in Sources */ = {isa = PBXBuildFile; fileRef = 043EBDD8197F03EB0005C46C /* arc.xcdatamodeld */; };
		0441D22E195516CC00C05FA8 /* AVFoundation.framework in Frameworks */ = {isa = PBXBuildFile; fileRef = 0441D22D195516CC00C05FA8 /* AVFoundation.framework */; };
		044B42FF1980DCC2004ABA79 /* wmImg.png in Resources */ = {isa = PBXBuildFile; fileRef = 044B42FE1980DCC2004ABA79 /* wmImg.png */; };
		044B43011980DCC7004ABA79 /* wmImg@2x.png in Resources */ = {isa = PBXBuildFile; fileRef = 044B43001980DCC7004ABA79 /* wmImg@2x.png */; };
		044B432A1980E776004ABA79 /* imgTab.png in Resources */ = {isa = PBXBuildFile; fileRef = 044B43241980E776004ABA79 /* imgTab.png */; };
		044B432B1980E776004ABA79 /* imgTab@2x.png in Resources */ = {isa = PBXBuildFile; fileRef = 044B43251980E776004ABA79 /* imgTab@2x.png */; };
		044B432C1980E776004ABA79 /* recTab.png in Resources */ = {isa = PBXBuildFile; fileRef = 044B43261980E776004ABA79 /* recTab.png */; };
		044B432D1980E776004ABA79 /* recTab@2x.png in Resources */ = {isa = PBXBuildFile; fileRef = 044B43271980E776004ABA79 /* recTab@2x.png */; };
		044B432E1980E776004ABA79 /* vidTab.png in Resources */ = {isa = PBXBuildFile; fileRef = 044B43281980E776004ABA79 /* vidTab.png */; };
		044B432F1980E776004ABA79 /* vidTab@2x.png in Resources */ = {isa = PBXBuildFile; fileRef = 044B43291980E776004ABA79 /* vidTab@2x.png */; };
		044B43371980FD85004ABA79 /* Main.storyboard in Resources */ = {isa = PBXBuildFile; fileRef = 044B43361980FD85004ABA79 /* Main.storyboard */; };
		044B433C198105DB004ABA79 /* ACEMediaTabViewController.m in Sources */ = {isa = PBXBuildFile; fileRef = 044B433B198105DB004ABA79 /* ACEMediaTabViewController.m */; };
		044B433F19812AF3004ABA79 /* recThumb.png in Resources */ = {isa = PBXBuildFile; fileRef = 044B433D19812AF3004ABA79 /* recThumb.png */; };
		044B434019812AF3004ABA79 /* recThumb@2x.png in Resources */ = {isa = PBXBuildFile; fileRef = 044B433E19812AF3004ABA79 /* recThumb@2x.png */; };
		04532BBE195BD7E90039E975 /* ACEVideoRecorderWindowViewController.m in Sources */ = {isa = PBXBuildFile; fileRef = 04532BBD195BD7E90039E975 /* ACEVideoRecorderWindowViewController.m */; };
		0453E34D1963CF3B00EB00E1 /* FDWaveformView.m in Sources */ = {isa = PBXBuildFile; fileRef = 0453E34C1963CF3B00EB00E1 /* FDWaveformView.m */; };
		047BFA891961E74300E00B2E /* CoreLocation.framework in Frameworks */ = {isa = PBXBuildFile; fileRef = 047BFA881961E74300E00B2E /* CoreLocation.framework */; };
		04AA34681953FC5900600B80 /* main.m in Sources */ = {isa = PBXBuildFile; fileRef = 04AA34671953FC5900600B80 /* main.m */; };
		04AA346B1953FC5900600B80 /* AppDelegate.m in Sources */ = {isa = PBXBuildFile; fileRef = 04AA346A1953FC5900600B80 /* AppDelegate.m */; };
		04AA34761953FC5900600B80 /* Images.xcassets in Resources */ = {isa = PBXBuildFile; fileRef = 04AA34751953FC5900600B80 /* Images.xcassets */; };
		04AA34821953FC5900600B80 /* arcTests.m in Sources */ = {isa = PBXBuildFile; fileRef = 04AA34811953FC5900600B80 /* arcTests.m */; };
		04AB60C2195D9ACE000050E2 /* ACERecorderViewController.m in Sources */ = {isa = PBXBuildFile; fileRef = 04AB60C1195D9ACE000050E2 /* ACERecorderViewController.m */; };
/* End PBXBuildFile section */

/* Begin PBXContainerItemProxy section */
		04AA347C1953FC5900600B80 /* PBXContainerItemProxy */ = {
			isa = PBXContainerItemProxy;
			containerPortal = 04AA345A1953FC5900600B80 /* Project object */;
			proxyType = 1;
			remoteGlobalIDString = 04AA34611953FC5900600B80;
			remoteInfo = TagR;
		};
/* End PBXContainerItemProxy section */

/* Begin PBXFileReference section */
		041EBE5019551CFC00828F00 /* ACERecorderWindowViewController.h */ = {isa = PBXFileReference; fileEncoding = 4; lastKnownFileType = sourcecode.c.h; path = ACERecorderWindowViewController.h; sourceTree = "<group>"; };
		041EBE5119551CFC00828F00 /* ACERecorderWindowViewController.m */ = {isa = PBXFileReference; fileEncoding = 4; lastKnownFileType = sourcecode.c.objc; path = ACERecorderWindowViewController.m; sourceTree = "<group>"; };
		041EBE5319553E5700828F00 /* ACECameraWindowViewController.h */ = {isa = PBXFileReference; fileEncoding = 4; lastKnownFileType = sourcecode.c.h; path = ACECameraWindowViewController.h; sourceTree = "<group>"; };
		041EBE5419553E5700828F00 /* ACECameraWindowViewController.m */ = {isa = PBXFileReference; fileEncoding = 4; lastKnownFileType = sourcecode.c.objc; path = ACECameraWindowViewController.m; sourceTree = "<group>"; };
		042B9DFD196A5A9B003E3F66 /* ACEVideosTableViewController.h */ = {isa = PBXFileReference; fileEncoding = 4; lastKnownFileType = sourcecode.c.h; path = ACEVideosTableViewController.h; sourceTree = "<group>"; };
		042B9DFE196A5A9B003E3F66 /* ACEVideosTableViewController.m */ = {isa = PBXFileReference; fileEncoding = 4; lastKnownFileType = sourcecode.c.objc; path = ACEVideosTableViewController.m; sourceTree = "<group>"; };
		042B9E06196A5C05003E3F66 /* ACEImagesTableViewController.h */ = {isa = PBXFileReference; fileEncoding = 4; lastKnownFileType = sourcecode.c.h; path = ACEImagesTableViewController.h; sourceTree = "<group>"; };
		042B9E07196A5C05003E3F66 /* ACEImagesTableViewController.m */ = {isa = PBXFileReference; fileEncoding = 4; lastKnownFileType = sourcecode.c.objc; path = ACEImagesTableViewController.m; sourceTree = "<group>"; };
		042B9E09196A5C75003E3F66 /* ACEAudiosTableViewController.h */ = {isa = PBXFileReference; fileEncoding = 4; lastKnownFileType = sourcecode.c.h; path = ACEAudiosTableViewController.h; sourceTree = "<group>"; };
		042B9E0A196A5C75003E3F66 /* ACEAudiosTableViewController.m */ = {isa = PBXFileReference; fileEncoding = 4; lastKnownFileType = sourcecode.c.objc; path = ACEAudiosTableViewController.m; sourceTree = "<group>"; };
		043EBDD9197F03EB0005C46C /* arc.xcdatamodel */ = {isa = PBXFileReference; lastKnownFileType = wrapper.xcdatamodel; path = arc.xcdatamodel; sourceTree = "<group>"; };
		0441D22D195516CC00C05FA8 /* AVFoundation.framework */ = {isa = PBXFileReference; lastKnownFileType = wrapper.framework; name = AVFoundation.framework; path = System/Library/Frameworks/AVFoundation.framework; sourceTree = SDKROOT; };
		044B42FE1980DCC2004ABA79 /* wmImg.png */ = {isa = PBXFileReference; lastKnownFileType = image.png; path = wmImg.png; sourceTree = "<group>"; };
		044B43001980DCC7004ABA79 /* wmImg@2x.png */ = {isa = PBXFileReference; lastKnownFileType = image.png; path = "wmImg@2x.png"; sourceTree = "<group>"; };
		044B43241980E776004ABA79 /* imgTab.png */ = {isa = PBXFileReference; lastKnownFileType = image.png; path = imgTab.png; sourceTree = "<group>"; };
		044B43251980E776004ABA79 /* imgTab@2x.png */ = {isa = PBXFileReference; lastKnownFileType = image.png; path = "imgTab@2x.png"; sourceTree = "<group>"; };
		044B43261980E776004ABA79 /* recTab.png */ = {isa = PBXFileReference; lastKnownFileType = image.png; path = recTab.png; sourceTree = "<group>"; };
		044B43271980E776004ABA79 /* recTab@2x.png */ = {isa = PBXFileReference; lastKnownFileType = image.png; path = "recTab@2x.png"; sourceTree = "<group>"; };
		044B43281980E776004ABA79 /* vidTab.png */ = {isa = PBXFileReference; lastKnownFileType = image.png; path = vidTab.png; sourceTree = "<group>"; };
		044B43291980E776004ABA79 /* vidTab@2x.png */ = {isa = PBXFileReference; lastKnownFileType = image.png; path = "vidTab@2x.png"; sourceTree = "<group>"; };
		044B43361980FD85004ABA79 /* Main.storyboard */ = {isa = PBXFileReference; fileEncoding = 4; lastKnownFileType = file.storyboard; path = Main.storyboard; sourceTree = "<group>"; };
		044B433A198105DB004ABA79 /* ACEMediaTabViewController.h */ = {isa = PBXFileReference; fileEncoding = 4; lastKnownFileType = sourcecode.c.h; path = ACEMediaTabViewController.h; sourceTree = "<group>"; };
		044B433B198105DB004ABA79 /* ACEMediaTabViewController.m */ = {isa = PBXFileReference; fileEncoding = 4; lastKnownFileType = sourcecode.c.objc; path = ACEMediaTabViewController.m; sourceTree = "<group>"; };
		044B433D19812AF3004ABA79 /* recThumb.png */ = {isa = PBXFileReference; lastKnownFileType = image.png; path = recThumb.png; sourceTree = "<group>"; };
		044B433E19812AF3004ABA79 /* recThumb@2x.png */ = {isa = PBXFileReference; lastKnownFileType = image.png; path = "recThumb@2x.png"; sourceTree = "<group>"; };
		04532BBC195BD7E90039E975 /* ACEVideoRecorderWindowViewController.h */ = {isa = PBXFileReference; fileEncoding = 4; lastKnownFileType = sourcecode.c.h; path = ACEVideoRecorderWindowViewController.h; sourceTree = "<group>"; };
		04532BBD195BD7E90039E975 /* ACEVideoRecorderWindowViewController.m */ = {isa = PBXFileReference; fileEncoding = 4; lastKnownFileType = sourcecode.c.objc; path = ACEVideoRecorderWindowViewController.m; sourceTree = "<group>"; };
		0453E34B1963CF3B00EB00E1 /* FDWaveformView.h */ = {isa = PBXFileReference; fileEncoding = 4; lastKnownFileType = sourcecode.c.h; path = FDWaveformView.h; sourceTree = "<group>"; };
		0453E34C1963CF3B00EB00E1 /* FDWaveformView.m */ = {isa = PBXFileReference; fileEncoding = 4; lastKnownFileType = sourcecode.c.objc; path = FDWaveformView.m; sourceTree = "<group>"; };
		047BFA881961E74300E00B2E /* CoreLocation.framework */ = {isa = PBXFileReference; lastKnownFileType = wrapper.framework; name = CoreLocation.framework; path = System/Library/Frameworks/CoreLocation.framework; sourceTree = SDKROOT; };
		04AA34621953FC5900600B80 /* arc.app */ = {isa = PBXFileReference; explicitFileType = wrapper.application; includeInIndex = 0; path = arc.app; sourceTree = BUILT_PRODUCTS_DIR; };
		04AA34661953FC5900600B80 /* Info.plist */ = {isa = PBXFileReference; lastKnownFileType = text.plist.xml; path = Info.plist; sourceTree = "<group>"; };
		04AA34671953FC5900600B80 /* main.m */ = {isa = PBXFileReference; lastKnownFileType = sourcecode.c.objc; path = main.m; sourceTree = "<group>"; };
		04AA34691953FC5900600B80 /* AppDelegate.h */ = {isa = PBXFileReference; lastKnownFileType = sourcecode.c.h; path = AppDelegate.h; sourceTree = "<group>"; };
		04AA346A1953FC5900600B80 /* AppDelegate.m */ = {isa = PBXFileReference; lastKnownFileType = sourcecode.c.objc; path = AppDelegate.m; sourceTree = "<group>"; };
		04AA34751953FC5900600B80 /* Images.xcassets */ = {isa = PBXFileReference; lastKnownFileType = folder.assetcatalog; path = Images.xcassets; sourceTree = "<group>"; };
		04AA347B1953FC5900600B80 /* arcTests.xctest */ = {isa = PBXFileReference; explicitFileType = wrapper.cfbundle; includeInIndex = 0; path = arcTests.xctest; sourceTree = BUILT_PRODUCTS_DIR; };
		04AA34801953FC5900600B80 /* Info.plist */ = {isa = PBXFileReference; lastKnownFileType = text.plist.xml; path = Info.plist; sourceTree = "<group>"; };
		04AA34811953FC5900600B80 /* arcTests.m */ = {isa = PBXFileReference; lastKnownFileType = sourcecode.c.objc; path = arcTests.m; sourceTree = "<group>"; };
		04AB60C0195D9ACE000050E2 /* ACERecorderViewController.h */ = {isa = PBXFileReference; fileEncoding = 4; lastKnownFileType = sourcecode.c.h; path = ACERecorderViewController.h; sourceTree = "<group>"; };
		04AB60C1195D9ACE000050E2 /* ACERecorderViewController.m */ = {isa = PBXFileReference; fileEncoding = 4; lastKnownFileType = sourcecode.c.objc; path = ACERecorderViewController.m; sourceTree = "<group>"; };
		ADC7765B7D664A059CB790E8 /* libPods.a */ = {isa = PBXFileReference; explicitFileType = archive.ar; includeInIndex = 0; path = libPods.a; sourceTree = BUILT_PRODUCTS_DIR; };
/* End PBXFileReference section */

/* Begin PBXFrameworksBuildPhase section */
		04AA345F1953FC5900600B80 /* Frameworks */ = {
			isa = PBXFrameworksBuildPhase;
			buildActionMask = 2147483647;
			files = (
				047BFA891961E74300E00B2E /* CoreLocation.framework in Frameworks */,
				0441D22E195516CC00C05FA8 /* AVFoundation.framework in Frameworks */,
			);
			runOnlyForDeploymentPostprocessing = 0;
		};
		04AA34781953FC5900600B80 /* Frameworks */ = {
			isa = PBXFrameworksBuildPhase;
			buildActionMask = 2147483647;
			files = (
			);
			runOnlyForDeploymentPostprocessing = 0;
		};
/* End PBXFrameworksBuildPhase section */

/* Begin PBXGroup section */
		041EBE4F19551CD500828F00 /* Media View Controllers */ = {
			isa = PBXGroup;
			children = (
				044B433A198105DB004ABA79 /* ACEMediaTabViewController.h */,
				044B433B198105DB004ABA79 /* ACEMediaTabViewController.m */,
				041EBE5319553E5700828F00 /* ACECameraWindowViewController.h */,
				041EBE5419553E5700828F00 /* ACECameraWindowViewController.m */,
				04532BBC195BD7E90039E975 /* ACEVideoRecorderWindowViewController.h */,
				04532BBD195BD7E90039E975 /* ACEVideoRecorderWindowViewController.m */,
				041EBE5019551CFC00828F00 /* ACERecorderWindowViewController.h */,
				041EBE5119551CFC00828F00 /* ACERecorderWindowViewController.m */,
				04AB60C0195D9ACE000050E2 /* ACERecorderViewController.h */,
				04AB60C1195D9ACE000050E2 /* ACERecorderViewController.m */,
			);
			name = "Media View Controllers";
			sourceTree = "<group>";
		};
		042B9DF6196A567E003E3F66 /* Table View Controllers */ = {
			isa = PBXGroup;
			children = (
				042B9E06196A5C05003E3F66 /* ACEImagesTableViewController.h */,
				042B9E07196A5C05003E3F66 /* ACEImagesTableViewController.m */,
				042B9DFD196A5A9B003E3F66 /* ACEVideosTableViewController.h */,
				042B9DFE196A5A9B003E3F66 /* ACEVideosTableViewController.m */,
				042B9E09196A5C75003E3F66 /* ACEAudiosTableViewController.h */,
				042B9E0A196A5C75003E3F66 /* ACEAudiosTableViewController.m */,
			);
			name = "Table View Controllers";
			sourceTree = "<group>";
		};
		04AA34591953FC5900600B80 = {
			isa = PBXGroup;
			children = (
				0441D22D195516CC00C05FA8 /* AVFoundation.framework */,
				04AA34641953FC5900600B80 /* arc */,
				04AA347E1953FC5900600B80 /* arcTests */,
				04AA34631953FC5900600B80 /* Products */,
				144A43D17E6444A99AC7896D /* Frameworks */,
			);
			sourceTree = "<group>";
		};
		04AA34631953FC5900600B80 /* Products */ = {
			isa = PBXGroup;
			children = (
				04AA34621953FC5900600B80 /* arc.app */,
				04AA347B1953FC5900600B80 /* arcTests.xctest */,
			);
			name = Products;
			sourceTree = "<group>";
		};
		04AA34641953FC5900600B80 /* arc */ = {
			isa = PBXGroup;
			children = (
				04AA34691953FC5900600B80 /* AppDelegate.h */,
				04AA346A1953FC5900600B80 /* AppDelegate.m */,
				044B43361980FD85004ABA79 /* Main.storyboard */,
				0453E34B1963CF3B00EB00E1 /* FDWaveformView.h */,
				0453E34C1963CF3B00EB00E1 /* FDWaveformView.m */,
				04AA34751953FC5900600B80 /* Images.xcassets */,
				041EBE4F19551CD500828F00 /* Media View Controllers */,
				042B9DF6196A567E003E3F66 /* Table View Controllers */,
				04AA34651953FC5900600B80 /* Supporting Files */,
				043EBDD8197F03EB0005C46C /* arc.xcdatamodeld */,
			);
			path = arc;
			sourceTree = "<group>";
		};
		04AA34651953FC5900600B80 /* Supporting Files */ = {
			isa = PBXGroup;
			children = (
				04AA34661953FC5900600B80 /* Info.plist */,
				04AA34671953FC5900600B80 /* main.m */,
				044B43241980E776004ABA79 /* imgTab.png */,
				044B43251980E776004ABA79 /* imgTab@2x.png */,
				044B43261980E776004ABA79 /* recTab.png */,
				044B43271980E776004ABA79 /* recTab@2x.png */,
				044B43281980E776004ABA79 /* vidTab.png */,
				044B43291980E776004ABA79 /* vidTab@2x.png */,
				044B42FE1980DCC2004ABA79 /* wmImg.png */,
				044B43001980DCC7004ABA79 /* wmImg@2x.png */,
				044B433D19812AF3004ABA79 /* recThumb.png */,
				044B433E19812AF3004ABA79 /* recThumb@2x.png */,
			);
			name = "Supporting Files";
			sourceTree = "<group>";
		};
		04AA347E1953FC5900600B80 /* arcTests */ = {
			isa = PBXGroup;
			children = (
				04AA34811953FC5900600B80 /* arcTests.m */,
				04AA347F1953FC5900600B80 /* Supporting Files */,
			);
			path = arcTests;
			sourceTree = "<group>";
		};
		04AA347F1953FC5900600B80 /* Supporting Files */ = {
			isa = PBXGroup;
			children = (
				04AA34801953FC5900600B80 /* Info.plist */,
			);
			name = "Supporting Files";
			sourceTree = "<group>";
		};
		144A43D17E6444A99AC7896D /* Frameworks */ = {
			isa = PBXGroup;
			children = (
				047BFA881961E74300E00B2E /* CoreLocation.framework */,
				ADC7765B7D664A059CB790E8 /* libPods.a */,
			);
			name = Frameworks;
			sourceTree = "<group>";
		};
/* End PBXGroup section */

/* Begin PBXNativeTarget section */
		04AA34611953FC5900600B80 /* arc */ = {
			isa = PBXNativeTarget;
			buildConfigurationList = 04AA34851953FC5900600B80 /* Build configuration list for PBXNativeTarget "arc" */;
			buildPhases = (
				04AA345E1953FC5900600B80 /* Sources */,
				04AA345F1953FC5900600B80 /* Frameworks */,
				04AA34601953FC5900600B80 /* Resources */,
			);
			buildRules = (
			);
			dependencies = (
			);
			name = arc;
			productName = TagR;
			productReference = 04AA34621953FC5900600B80 /* arc.app */;
			productType = "com.apple.product-type.application";
		};
		04AA347A1953FC5900600B80 /* arcTests */ = {
			isa = PBXNativeTarget;
			buildConfigurationList = 04AA34881953FC5900600B80 /* Build configuration list for PBXNativeTarget "arcTests" */;
			buildPhases = (
				04AA34771953FC5900600B80 /* Sources */,
				04AA34781953FC5900600B80 /* Frameworks */,
				04AA34791953FC5900600B80 /* Resources */,
			);
			buildRules = (
			);
			dependencies = (
				04AA347D1953FC5900600B80 /* PBXTargetDependency */,
			);
			name = arcTests;
			productName = TagRTests;
			productReference = 04AA347B1953FC5900600B80 /* arcTests.xctest */;
			productType = "com.apple.product-type.bundle.unit-test";
		};
/* End PBXNativeTarget section */

/* Begin PBXProject section */
		04AA345A1953FC5900600B80 /* Project object */ = {
			isa = PBXProject;
			attributes = {
				CLASSPREFIX = ACE;
				LastUpgradeCheck = 0600;
				ORGANIZATIONNAME = "Shree Raj Shrestha";
				TargetAttributes = {
					04AA34611953FC5900600B80 = {
						CreatedOnToolsVersion = 6.0;
						DevelopmentTeam = 6TTTQT9YB4;
						SystemCapabilities = {
							com.apple.Maps.iOS = {
								enabled = 0;
							};
						};
					};
					04AA347A1953FC5900600B80 = {
						CreatedOnToolsVersion = 6.0;
						TestTargetID = 04AA34611953FC5900600B80;
					};
				};
			};
			buildConfigurationList = 04AA345D1953FC5900600B80 /* Build configuration list for PBXProject "arc" */;
			compatibilityVersion = "Xcode 3.2";
			developmentRegion = English;
			hasScannedForEncodings = 0;
			knownRegions = (
				en,
				Base,
			);
			mainGroup = 04AA34591953FC5900600B80;
			productRefGroup = 04AA34631953FC5900600B80 /* Products */;
			projectDirPath = "";
			projectRoot = "";
			targets = (
				04AA34611953FC5900600B80 /* arc */,
				04AA347A1953FC5900600B80 /* arcTests */,
			);
		};
/* End PBXProject section */

/* Begin PBXResourcesBuildPhase section */
		04AA34601953FC5900600B80 /* Resources */ = {
			isa = PBXResourcesBuildPhase;
			buildActionMask = 2147483647;
			files = (
				044B432D1980E776004ABA79 /* recTab@2x.png in Resources */,
				044B432B1980E776004ABA79 /* imgTab@2x.png in Resources */,
				044B433F19812AF3004ABA79 /* recThumb.png in Resources */,
				044B43371980FD85004ABA79 /* Main.storyboard in Resources */,
				044B432F1980E776004ABA79 /* vidTab@2x.png in Resources */,
				044B432E1980E776004ABA79 /* vidTab.png in Resources */,
				044B432A1980E776004ABA79 /* imgTab.png in Resources */,
				044B43011980DCC7004ABA79 /* wmImg@2x.png in Resources */,
				044B42FF1980DCC2004ABA79 /* wmImg.png in Resources */,
				044B432C1980E776004ABA79 /* recTab.png in Resources */,
				044B434019812AF3004ABA79 /* recThumb@2x.png in Resources */,
				04AA34761953FC5900600B80 /* Images.xcassets in Resources */,
			);
			runOnlyForDeploymentPostprocessing = 0;
		};
		04AA34791953FC5900600B80 /* Resources */ = {
			isa = PBXResourcesBuildPhase;
			buildActionMask = 2147483647;
			files = (
			);
			runOnlyForDeploymentPostprocessing = 0;
		};
/* End PBXResourcesBuildPhase section */

/* Begin PBXSourcesBuildPhase section */
		04AA345E1953FC5900600B80 /* Sources */ = {
			isa = PBXSourcesBuildPhase;
			buildActionMask = 2147483647;
			files = (
				04AA346B1953FC5900600B80 /* AppDelegate.m in Sources */,
				041EBE5219551CFC00828F00 /* ACERecorderWindowViewController.m in Sources */,
				043EBDDA197F03EB0005C46C /* arc.xcdatamodeld in Sources */,
				04AB60C2195D9ACE000050E2 /* ACERecorderViewController.m in Sources */,
				041EBE5519553E5700828F00 /* ACECameraWindowViewController.m in Sources */,
				042B9E08196A5C05003E3F66 /* ACEImagesTableViewController.m in Sources */,
				042B9E0B196A5C75003E3F66 /* ACEAudiosTableViewController.m in Sources */,
				042B9DFF196A5A9B003E3F66 /* ACEVideosTableViewController.m in Sources */,
				04532BBE195BD7E90039E975 /* ACEVideoRecorderWindowViewController.m in Sources */,
				044B433C198105DB004ABA79 /* ACEMediaTabViewController.m in Sources */,
				04AA34681953FC5900600B80 /* main.m in Sources */,
				0453E34D1963CF3B00EB00E1 /* FDWaveformView.m in Sources */,
			);
			runOnlyForDeploymentPostprocessing = 0;
		};
		04AA34771953FC5900600B80 /* Sources */ = {
			isa = PBXSourcesBuildPhase;
			buildActionMask = 2147483647;
			files = (
				04AA34821953FC5900600B80 /* arcTests.m in Sources */,
			);
			runOnlyForDeploymentPostprocessing = 0;
		};
/* End PBXSourcesBuildPhase section */

/* Begin PBXTargetDependency section */
		04AA347D1953FC5900600B80 /* PBXTargetDependency */ = {
			isa = PBXTargetDependency;
			target = 04AA34611953FC5900600B80 /* arc */;
			targetProxy = 04AA347C1953FC5900600B80 /* PBXContainerItemProxy */;
		};
/* End PBXTargetDependency section */

/* Begin XCBuildConfiguration section */
		04AA34831953FC5900600B80 /* Debug */ = {
			isa = XCBuildConfiguration;
			buildSettings = {
				ALWAYS_SEARCH_USER_PATHS = NO;
				CLANG_CXX_LANGUAGE_STANDARD = "gnu++0x";
				CLANG_CXX_LIBRARY = "libc++";
				CLANG_ENABLE_MODULES = YES;
				CLANG_ENABLE_OBJC_ARC = YES;
				CLANG_WARN_BOOL_CONVERSION = YES;
				CLANG_WARN_CONSTANT_CONVERSION = YES;
				CLANG_WARN_DIRECT_OBJC_ISA_USAGE = YES_ERROR;
				CLANG_WARN_EMPTY_BODY = YES;
				CLANG_WARN_ENUM_CONVERSION = YES;
				CLANG_WARN_INT_CONVERSION = YES;
				CLANG_WARN_OBJC_ROOT_CLASS = YES_ERROR;
				CLANG_WARN_UNREACHABLE_CODE = YES;
				CLANG_WARN__DUPLICATE_METHOD_MATCH = YES;
				CODE_SIGN_IDENTITY = "iPhone Developer";
				"CODE_SIGN_IDENTITY[sdk=iphoneos*]" = "iPhone Developer";
				COPY_PHASE_STRIP = NO;
				ENABLE_STRICT_OBJC_MSGSEND = YES;
				GCC_C_LANGUAGE_STANDARD = gnu99;
				GCC_DYNAMIC_NO_PIC = NO;
				GCC_OPTIMIZATION_LEVEL = 0;
				GCC_PREPROCESSOR_DEFINITIONS = (
					"DEBUG=1",
					"$(inherited)",
				);
				GCC_SYMBOLS_PRIVATE_EXTERN = NO;
				GCC_WARN_64_TO_32_BIT_CONVERSION = YES;
				GCC_WARN_ABOUT_RETURN_TYPE = YES_ERROR;
				GCC_WARN_UNDECLARED_SELECTOR = YES;
				GCC_WARN_UNINITIALIZED_AUTOS = YES_AGGRESSIVE;
				GCC_WARN_UNUSED_FUNCTION = YES;
				GCC_WARN_UNUSED_VARIABLE = YES;
				IPHONEOS_DEPLOYMENT_TARGET = 7.1;
				METAL_ENABLE_DEBUG_INFO = YES;
				ONLY_ACTIVE_ARCH = YES;
				SDKROOT = iphoneos7.1;
			};
			name = Debug;
		};
		04AA34841953FC5900600B80 /* Release */ = {
			isa = XCBuildConfiguration;
			buildSettings = {
				ALWAYS_SEARCH_USER_PATHS = NO;
				CLANG_CXX_LANGUAGE_STANDARD = "gnu++0x";
				CLANG_CXX_LIBRARY = "libc++";
				CLANG_ENABLE_MODULES = YES;
				CLANG_ENABLE_OBJC_ARC = YES;
				CLANG_WARN_BOOL_CONVERSION = YES;
				CLANG_WARN_CONSTANT_CONVERSION = YES;
				CLANG_WARN_DIRECT_OBJC_ISA_USAGE = YES_ERROR;
				CLANG_WARN_EMPTY_BODY = YES;
				CLANG_WARN_ENUM_CONVERSION = YES;
				CLANG_WARN_INT_CONVERSION = YES;
				CLANG_WARN_OBJC_ROOT_CLASS = YES_ERROR;
				CLANG_WARN_UNREACHABLE_CODE = YES;
				CLANG_WARN__DUPLICATE_METHOD_MATCH = YES;
				CODE_SIGN_IDENTITY = "iPhone Developer";
				"CODE_SIGN_IDENTITY[sdk=iphoneos*]" = "iPhone Developer";
				COPY_PHASE_STRIP = YES;
				ENABLE_NS_ASSERTIONS = NO;
				ENABLE_STRICT_OBJC_MSGSEND = YES;
				GCC_C_LANGUAGE_STANDARD = gnu99;
				GCC_WARN_64_TO_32_BIT_CONVERSION = YES;
				GCC_WARN_ABOUT_RETURN_TYPE = YES_ERROR;
				GCC_WARN_UNDECLARED_SELECTOR = YES;
				GCC_WARN_UNINITIALIZED_AUTOS = YES_AGGRESSIVE;
				GCC_WARN_UNUSED_FUNCTION = YES;
				GCC_WARN_UNUSED_VARIABLE = YES;
				IPHONEOS_DEPLOYMENT_TARGET = 7.1;
				METAL_ENABLE_DEBUG_INFO = NO;
				SDKROOT = iphoneos7.1;
				VALIDATE_PRODUCT = YES;
			};
			name = Release;
		};
		04AA34861953FC5900600B80 /* Debug */ = {
			isa = XCBuildConfiguration;
			buildSettings = {
				ASSETCATALOG_COMPILER_APPICON_NAME = AppIcon;
				ASSETCATALOG_COMPILER_LAUNCHIMAGE_NAME = LaunchImage;
				CLANG_ENABLE_MODULES = YES;
				CODE_SIGN_IDENTITY = "iPhone Developer";
				"CODE_SIGN_IDENTITY[sdk=iphoneos*]" = "iPhone Developer";
				INFOPLIST_FILE = "$(SRCROOT)/arc/Info.plist";
				IPHONEOS_DEPLOYMENT_TARGET = 7.1;
				LD_RUNPATH_SEARCH_PATHS = "$(inherited) @executable_path/Frameworks";
				PRODUCT_NAME = "$(TARGET_NAME)";
				PROVISIONING_PROFILE = "";
				SWIFT_OPTIMIZATION_LEVEL = "-Onone";
				TARGETED_DEVICE_FAMILY = 1;
			};
			name = Debug;
		};
		04AA34871953FC5900600B80 /* Release */ = {
			isa = XCBuildConfiguration;
			buildSettings = {
				ASSETCATALOG_COMPILER_APPICON_NAME = AppIcon;
				ASSETCATALOG_COMPILER_LAUNCHIMAGE_NAME = LaunchImage;
				CLANG_ENABLE_MODULES = YES;
				CODE_SIGN_IDENTITY = "iPhone Developer";
				"CODE_SIGN_IDENTITY[sdk=iphoneos*]" = "iPhone Developer";
				INFOPLIST_FILE = "$(SRCROOT)/arc/Info.plist";
				IPHONEOS_DEPLOYMENT_TARGET = 7.1;
				LD_RUNPATH_SEARCH_PATHS = "$(inherited) @executable_path/Frameworks";
				PRODUCT_NAME = "$(TARGET_NAME)";
				PROVISIONING_PROFILE = "";
				TARGETED_DEVICE_FAMILY = 1;
			};
			name = Release;
		};
		04AA34891953FC5900600B80 /* Debug */ = {
			isa = XCBuildConfiguration;
			buildSettings = {
				BUNDLE_LOADER = "$(BUILT_PRODUCTS_DIR)/TagR.app/TagR";
				FRAMEWORK_SEARCH_PATHS = (
					"$(SDKROOT)/Developer/Library/Frameworks",
					"$(inherited)",
				);
				GCC_PREPROCESSOR_DEFINITIONS = (
					"DEBUG=1",
					"$(inherited)",
				);
				INFOPLIST_FILE = TagRTests/Info.plist;
				LD_RUNPATH_SEARCH_PATHS = "$(inherited) @executable_path/Frameworks @loader_path/Frameworks";
				METAL_ENABLE_DEBUG_INFO = YES;
				PRODUCT_NAME = arcTests;
				TEST_HOST = "$(BUNDLE_LOADER)";
			};
			name = Debug;
		};
		04AA348A1953FC5900600B80 /* Release */ = {
			isa = XCBuildConfiguration;
			buildSettings = {
				BUNDLE_LOADER = "$(BUILT_PRODUCTS_DIR)/TagR.app/TagR";
				FRAMEWORK_SEARCH_PATHS = (
					"$(SDKROOT)/Developer/Library/Frameworks",
					"$(inherited)",
				);
				INFOPLIST_FILE = TagRTests/Info.plist;
				LD_RUNPATH_SEARCH_PATHS = "$(inherited) @executable_path/Frameworks @loader_path/Frameworks";
				METAL_ENABLE_DEBUG_INFO = NO;
				PRODUCT_NAME = arcTests;
				TEST_HOST = "$(BUNDLE_LOADER)";
			};
			name = Release;
		};
/* End XCBuildConfiguration section */

/* Begin XCConfigurationList section */
		04AA345D1953FC5900600B80 /* Build configuration list for PBXProject "arc" */ = {
			isa = XCConfigurationList;
			buildConfigurations = (
				04AA34831953FC5900600B80 /* Debug */,
				04AA34841953FC5900600B80 /* Release */,
			);
			defaultConfigurationIsVisible = 0;
			defaultConfigurationName = Release;
		};
		04AA34851953FC5900600B80 /* Build configuration list for PBXNativeTarget "arc" */ = {
			isa = XCConfigurationList;
			buildConfigurations = (
				04AA34861953FC5900600B80 /* Debug */,
				04AA34871953FC5900600B80 /* Release */,
			);
			defaultConfigurationIsVisible = 0;
			defaultConfigurationName = Release;
		};
		04AA34881953FC5900600B80 /* Build configuration list for PBXNativeTarget "arcTests" */ = {
			isa = XCConfigurationList;
			buildConfigurations = (
				04AA34891953FC5900600B80 /* Debug */,
				04AA348A1953FC5900600B80 /* Release */,
			);
			defaultConfigurationIsVisible = 0;
			defaultConfigurationName = Release;
		};
/* End XCConfigurationList section */

/* Begin XCVersionGroup section */
		043EBDD8197F03EB0005C46C /* arc.xcdatamodeld */ = {
			isa = XCVersionGroup;
			children = (
				043EBDD9197F03EB0005C46C /* arc.xcdatamodel */,
			);
			currentVersion = 043EBDD9197F03EB0005C46C /* arc.xcdatamodel */;
			path = arc.xcdatamodeld;
			sourceTree = "<group>";
			versionGroupType = wrapper.xcdatamodel;
		};
/* End XCVersionGroup section */
	};
	rootObject = 04AA345A1953FC5900600B80 /* Project object */;
}
