// !$*UTF8*$!
{
	archiveVersion = 1;
	classes = {
	};
	objectVersion = 46;
	objects = {

/* Begin PBXBuildFile section */
		041EBE5219551CFC00828F00 /* ACERecorderWindowViewController.m in Sources */ = {isa = PBXBuildFile; fileRef = 041EBE5119551CFC00828F00 /* ACERecorderWindowViewController.m */; };
		041EBE5519553E5700828F00 /* ACECameraWindowViewController.m in Sources */ = {isa = PBXBuildFile; fileRef = 041EBE5419553E5700828F00 /* ACECameraWindowViewController.m */; };
		0441D22E195516CC00C05FA8 /* AVFoundation.framework in Frameworks */ = {isa = PBXBuildFile; fileRef = 0441D22D195516CC00C05FA8 /* AVFoundation.framework */; };
		04532BBE195BD7E90039E975 /* ACEVideoRecorderWindowViewController.m in Sources */ = {isa = PBXBuildFile; fileRef = 04532BBD195BD7E90039E975 /* ACEVideoRecorderWindowViewController.m */; };
		047BFA891961E74300E00B2E /* CoreLocation.framework in Frameworks */ = {isa = PBXBuildFile; fileRef = 047BFA881961E74300E00B2E /* CoreLocation.framework */; };
		04AA34681953FC5900600B80 /* main.m in Sources */ = {isa = PBXBuildFile; fileRef = 04AA34671953FC5900600B80 /* main.m */; };
		04AA346B1953FC5900600B80 /* AppDelegate.m in Sources */ = {isa = PBXBuildFile; fileRef = 04AA346A1953FC5900600B80 /* AppDelegate.m */; };
		04AA346E1953FC5900600B80 /* TagR.xcdatamodeld in Sources */ = {isa = PBXBuildFile; fileRef = 04AA346C1953FC5900600B80 /* TagR.xcdatamodeld */; };
		04AA34741953FC5900600B80 /* Main.storyboard in Resources */ = {isa = PBXBuildFile; fileRef = 04AA34721953FC5900600B80 /* Main.storyboard */; };
		04AA34761953FC5900600B80 /* Images.xcassets in Resources */ = {isa = PBXBuildFile; fileRef = 04AA34751953FC5900600B80 /* Images.xcassets */; };
		04AA34821953FC5900600B80 /* TagRTests.m in Sources */ = {isa = PBXBuildFile; fileRef = 04AA34811953FC5900600B80 /* TagRTests.m */; };
		04AB60C2195D9ACE000050E2 /* ACERecorderViewController.m in Sources */ = {isa = PBXBuildFile; fileRef = 04AB60C1195D9ACE000050E2 /* ACERecorderViewController.m */; };
/* End PBXBuildFile section */

/* Begin PBXContainerItemProxy section */
		04AA347C1953FC5900600B80 /* PBXContainerItemProxy */ = {
			isa = PBXContainerItemProxy;
			containerPortal = 04AA345A1953FC5900600B80 /* Project object */;
			proxyType = 1;
			remoteGlobalIDString = 04AA34611953FC5900600B80;
			remoteInfo = TagR;
		};
/* End PBXContainerItemProxy section */

/* Begin PBXFileReference section */
		041EBE5019551CFC00828F00 /* ACERecorderWindowViewController.h */ = {isa = PBXFileReference; fileEncoding = 4; lastKnownFileType = sourcecode.c.h; path = ACERecorderWindowViewController.h; sourceTree = "<group>"; };
		041EBE5119551CFC00828F00 /* ACERecorderWindowViewController.m */ = {isa = PBXFileReference; fileEncoding = 4; lastKnownFileType = sourcecode.c.objc; path = ACERecorderWindowViewController.m; sourceTree = "<group>"; };
		041EBE5319553E5700828F00 /* ACECameraWindowViewController.h */ = {isa = PBXFileReference; fileEncoding = 4; lastKnownFileType = sourcecode.c.h; path = ACECameraWindowViewController.h; sourceTree = "<group>"; };
		041EBE5419553E5700828F00 /* ACECameraWindowViewController.m */ = {isa = PBXFileReference; fileEncoding = 4; lastKnownFileType = sourcecode.c.objc; path = ACECameraWindowViewController.m; sourceTree = "<group>"; };
		0441D22D195516CC00C05FA8 /* AVFoundation.framework */ = {isa = PBXFileReference; lastKnownFileType = wrapper.framework; name = AVFoundation.framework; path = System/Library/Frameworks/AVFoundation.framework; sourceTree = SDKROOT; };
		04532BBC195BD7E90039E975 /* ACEVideoRecorderWindowViewController.h */ = {isa = PBXFileReference; fileEncoding = 4; lastKnownFileType = sourcecode.c.h; path = ACEVideoRecorderWindowViewController.h; sourceTree = "<group>"; };
		04532BBD195BD7E90039E975 /* ACEVideoRecorderWindowViewController.m */ = {isa = PBXFileReference; fileEncoding = 4; lastKnownFileType = sourcecode.c.objc; path = ACEVideoRecorderWindowViewController.m; sourceTree = "<group>"; };
		047BFA881961E74300E00B2E /* CoreLocation.framework */ = {isa = PBXFileReference; lastKnownFileType = wrapper.framework; name = CoreLocation.framework; path = System/Library/Frameworks/CoreLocation.framework; sourceTree = SDKROOT; };
		04AA34621953FC5900600B80 /* TagR.app */ = {isa = PBXFileReference; explicitFileType = wrapper.application; includeInIndex = 0; path = TagR.app; sourceTree = BUILT_PRODUCTS_DIR; };
		04AA34661953FC5900600B80 /* Info.plist */ = {isa = PBXFileReference; lastKnownFileType = text.plist.xml; path = Info.plist; sourceTree = "<group>"; };
		04AA34671953FC5900600B80 /* main.m */ = {isa = PBXFileReference; lastKnownFileType = sourcecode.c.objc; path = main.m; sourceTree = "<group>"; };
		04AA34691953FC5900600B80 /* AppDelegate.h */ = {isa = PBXFileReference; lastKnownFileType = sourcecode.c.h; path = AppDelegate.h; sourceTree = "<group>"; };
		04AA346A1953FC5900600B80 /* AppDelegate.m */ = {isa = PBXFileReference; lastKnownFileType = sourcecode.c.objc; path = AppDelegate.m; sourceTree = "<group>"; };
		04AA346D1953FC5900600B80 /* TagR.xcdatamodel */ = {isa = PBXFileReference; lastKnownFileType = wrapper.xcdatamodel; path = TagR.xcdatamodel; sourceTree = "<group>"; };
		04AA34731953FC5900600B80 /* Base */ = {isa = PBXFileReference; lastKnownFileType = file.storyboard; name = Base; path = Base.lproj/Main.storyboard; sourceTree = "<group>"; };
		04AA34751953FC5900600B80 /* Images.xcassets */ = {isa = PBXFileReference; lastKnownFileType = folder.assetcatalog; path = Images.xcassets; sourceTree = "<group>"; };
		04AA347B1953FC5900600B80 /* TagRTests.xctest */ = {isa = PBXFileReference; explicitFileType = wrapper.cfbundle; includeInIndex = 0; path = TagRTests.xctest; sourceTree = BUILT_PRODUCTS_DIR; };
		04AA34801953FC5900600B80 /* Info.plist */ = {isa = PBXFileReference; lastKnownFileType = text.plist.xml; path = Info.plist; sourceTree = "<group>"; };
		04AA34811953FC5900600B80 /* TagRTests.m */ = {isa = PBXFileReference; lastKnownFileType = sourcecode.c.objc; path = TagRTests.m; sourceTree = "<group>"; };
		04AB60C0195D9ACE000050E2 /* ACERecorderViewController.h */ = {isa = PBXFileReference; fileEncoding = 4; lastKnownFileType = sourcecode.c.h; path = ACERecorderViewController.h; sourceTree = "<group>"; };
		04AB60C1195D9ACE000050E2 /* ACERecorderViewController.m */ = {isa = PBXFileReference; fileEncoding = 4; lastKnownFileType = sourcecode.c.objc; path = ACERecorderViewController.m; sourceTree = "<group>"; };
		ADC7765B7D664A059CB790E8 /* libPods.a */ = {isa = PBXFileReference; explicitFileType = archive.ar; includeInIndex = 0; path = libPods.a; sourceTree = BUILT_PRODUCTS_DIR; };
/* End PBXFileReference section */

/* Begin PBXFrameworksBuildPhase section */
		04AA345F1953FC5900600B80 /* Frameworks */ = {
			isa = PBXFrameworksBuildPhase;
			buildActionMask = 2147483647;
			files = (
				047BFA891961E74300E00B2E /* CoreLocation.framework in Frameworks */,
				0441D22E195516CC00C05FA8 /* AVFoundation.framework in Frameworks */,
			);
			runOnlyForDeploymentPostprocessing = 0;
		};
		04AA34781953FC5900600B80 /* Frameworks */ = {
			isa = PBXFrameworksBuildPhase;
			buildActionMask = 2147483647;
			files = (
			);
			runOnlyForDeploymentPostprocessing = 0;
		};
/* End PBXFrameworksBuildPhase section */

/* Begin PBXGroup section */
		041EBE4F19551CD500828F00 /* Media View Controllers */ = {
			isa = PBXGroup;
			children = (
				041EBE5319553E5700828F00 /* ACECameraWindowViewController.h */,
				041EBE5419553E5700828F00 /* ACECameraWindowViewController.m */,
				04532BBC195BD7E90039E975 /* ACEVideoRecorderWindowViewController.h */,
				04532BBD195BD7E90039E975 /* ACEVideoRecorderWindowViewController.m */,
				041EBE5019551CFC00828F00 /* ACERecorderWindowViewController.h */,
				041EBE5119551CFC00828F00 /* ACERecorderWindowViewController.m */,
				04AB60C0195D9ACE000050E2 /* ACERecorderViewController.h */,
				04AB60C1195D9ACE000050E2 /* ACERecorderViewController.m */,
			);
			name = "Media View Controllers";
			sourceTree = "<group>";
		};
		04AA34591953FC5900600B80 = {
			isa = PBXGroup;
			children = (
				0441D22D195516CC00C05FA8 /* AVFoundation.framework */,
				04AA34641953FC5900600B80 /* TagR */,
				04AA347E1953FC5900600B80 /* TagRTests */,
				04AA34631953FC5900600B80 /* Products */,
				144A43D17E6444A99AC7896D /* Frameworks */,
			);
			sourceTree = "<group>";
		};
		04AA34631953FC5900600B80 /* Products */ = {
			isa = PBXGroup;
			children = (
				04AA34621953FC5900600B80 /* TagR.app */,
				04AA347B1953FC5900600B80 /* TagRTests.xctest */,
			);
			name = Products;
			sourceTree = "<group>";
		};
		04AA34641953FC5900600B80 /* TagR */ = {
			isa = PBXGroup;
			children = (
				04AA34691953FC5900600B80 /* AppDelegate.h */,
				04AA346A1953FC5900600B80 /* AppDelegate.m */,
				04AA34721953FC5900600B80 /* Main.storyboard */,
				04AA34751953FC5900600B80 /* Images.xcassets */,
				041EBE4F19551CD500828F00 /* Media View Controllers */,
				04AA346C1953FC5900600B80 /* TagR.xcdatamodeld */,
				04AA34651953FC5900600B80 /* Supporting Files */,
			);
			path = TagR;
			sourceTree = "<group>";
		};
		04AA34651953FC5900600B80 /* Supporting Files */ = {
			isa = PBXGroup;
			children = (
				04AA34661953FC5900600B80 /* Info.plist */,
				04AA34671953FC5900600B80 /* main.m */,
			);
			name = "Supporting Files";
			sourceTree = "<group>";
		};
		04AA347E1953FC5900600B80 /* TagRTests */ = {
			isa = PBXGroup;
			children = (
				04AA34811953FC5900600B80 /* TagRTests.m */,
				04AA347F1953FC5900600B80 /* Supporting Files */,
			);
			path = TagRTests;
			sourceTree = "<group>";
		};
		04AA347F1953FC5900600B80 /* Supporting Files */ = {
			isa = PBXGroup;
			children = (
				04AA34801953FC5900600B80 /* Info.plist */,
			);
			name = "Supporting Files";
			sourceTree = "<group>";
		};
		144A43D17E6444A99AC7896D /* Frameworks */ = {
			isa = PBXGroup;
			children = (
				047BFA881961E74300E00B2E /* CoreLocation.framework */,
				ADC7765B7D664A059CB790E8 /* libPods.a */,
			);
			name = Frameworks;
			sourceTree = "<group>";
		};
/* End PBXGroup section */

/* Begin PBXNativeTarget section */
		04AA34611953FC5900600B80 /* TagR */ = {
			isa = PBXNativeTarget;
			buildConfigurationList = 04AA34851953FC5900600B80 /* Build configuration list for PBXNativeTarget "TagR" */;
			buildPhases = (
				04AA345E1953FC5900600B80 /* Sources */,
				04AA345F1953FC5900600B80 /* Frameworks */,
				04AA34601953FC5900600B80 /* Resources */,
			);
			buildRules = (
			);
			dependencies = (
			);
			name = TagR;
			productName = TagR;
			productReference = 04AA34621953FC5900600B80 /* TagR.app */;
			productType = "com.apple.product-type.application";
		};
		04AA347A1953FC5900600B80 /* TagRTests */ = {
			isa = PBXNativeTarget;
			buildConfigurationList = 04AA34881953FC5900600B80 /* Build configuration list for PBXNativeTarget "TagRTests" */;
			buildPhases = (
				04AA34771953FC5900600B80 /* Sources */,
				04AA34781953FC5900600B80 /* Frameworks */,
				04AA34791953FC5900600B80 /* Resources */,
			);
			buildRules = (
			);
			dependencies = (
				04AA347D1953FC5900600B80 /* PBXTargetDependency */,
			);
			name = TagRTests;
			productName = TagRTests;
			productReference = 04AA347B1953FC5900600B80 /* TagRTests.xctest */;
			productType = "com.apple.product-type.bundle.unit-test";
		};
/* End PBXNativeTarget section */

/* Begin PBXProject section */
		04AA345A1953FC5900600B80 /* Project object */ = {
			isa = PBXProject;
			attributes = {
				CLASSPREFIX = ACE;
				LastUpgradeCheck = 0600;
				ORGANIZATIONNAME = "Shree Raj Shrestha";
				TargetAttributes = {
					04AA34611953FC5900600B80 = {
						CreatedOnToolsVersion = 6.0;
						DevelopmentTeam = 6TTTQT9YB4;
						SystemCapabilities = {
							com.apple.Maps.iOS = {
								enabled = 0;
							};
						};
					};
					04AA347A1953FC5900600B80 = {
						CreatedOnToolsVersion = 6.0;
						TestTargetID = 04AA34611953FC5900600B80;
					};
				};
			};
			buildConfigurationList = 04AA345D1953FC5900600B80 /* Build configuration list for PBXProject "TagR" */;
			compatibilityVersion = "Xcode 3.2";
			developmentRegion = English;
			hasScannedForEncodings = 0;
			knownRegions = (
				en,
				Base,
			);
			mainGroup = 04AA34591953FC5900600B80;
			productRefGroup = 04AA34631953FC5900600B80 /* Products */;
			projectDirPath = "";
			projectRoot = "";
			targets = (
				04AA34611953FC5900600B80 /* TagR */,
				04AA347A1953FC5900600B80 /* TagRTests */,
			);
		};
/* End PBXProject section */

/* Begin PBXResourcesBuildPhase section */
		04AA34601953FC5900600B80 /* Resources */ = {
			isa = PBXResourcesBuildPhase;
			buildActionMask = 2147483647;
			files = (
				04AA34741953FC5900600B80 /* Main.storyboard in Resources */,
				04AA34761953FC5900600B80 /* Images.xcassets in Resources */,
			);
			runOnlyForDeploymentPostprocessing = 0;
		};
		04AA34791953FC5900600B80 /* Resources */ = {
			isa = PBXResourcesBuildPhase;
			buildActionMask = 2147483647;
			files = (
			);
			runOnlyForDeploymentPostprocessing = 0;
		};
/* End PBXResourcesBuildPhase section */

/* Begin PBXSourcesBuildPhase section */
		04AA345E1953FC5900600B80 /* Sources */ = {
			isa = PBXSourcesBuildPhase;
			buildActionMask = 2147483647;
			files = (
				04AA346E1953FC5900600B80 /* TagR.xcdatamodeld in Sources */,
				04AA346B1953FC5900600B80 /* AppDelegate.m in Sources */,
				041EBE5219551CFC00828F00 /* ACERecorderWindowViewController.m in Sources */,
				04AB60C2195D9ACE000050E2 /* ACERecorderViewController.m in Sources */,
				041EBE5519553E5700828F00 /* ACECameraWindowViewController.m in Sources */,
				04532BBE195BD7E90039E975 /* ACEVideoRecorderWindowViewController.m in Sources */,
				04AA34681953FC5900600B80 /* main.m in Sources */,
			);
			runOnlyForDeploymentPostprocessing = 0;
		};
		04AA34771953FC5900600B80 /* Sources */ = {
			isa = PBXSourcesBuildPhase;
			buildActionMask = 2147483647;
			files = (
				04AA34821953FC5900600B80 /* TagRTests.m in Sources */,
			);
			runOnlyForDeploymentPostprocessing = 0;
		};
/* End PBXSourcesBuildPhase section */

/* Begin PBXTargetDependency section */
		04AA347D1953FC5900600B80 /* PBXTargetDependency */ = {
			isa = PBXTargetDependency;
			target = 04AA34611953FC5900600B80 /* TagR */;
			targetProxy = 04AA347C1953FC5900600B80 /* PBXContainerItemProxy */;
		};
/* End PBXTargetDependency section */

/* Begin PBXVariantGroup section */
		04AA34721953FC5900600B80 /* Main.storyboard */ = {
			isa = PBXVariantGroup;
			children = (
				04AA34731953FC5900600B80 /* Base */,
			);
			name = Main.storyboard;
			sourceTree = "<group>";
		};
/* End PBXVariantGroup section */

/* Begin XCBuildConfiguration section */
		04AA34831953FC5900600B80 /* Debug */ = {
			isa = XCBuildConfiguration;
			buildSettings = {
				ALWAYS_SEARCH_USER_PATHS = NO;
				CLANG_CXX_LANGUAGE_STANDARD = "gnu++0x";
				CLANG_CXX_LIBRARY = "libc++";
				CLANG_ENABLE_MODULES = YES;
				CLANG_ENABLE_OBJC_ARC = YES;
				CLANG_WARN_BOOL_CONVERSION = YES;
				CLANG_WARN_CONSTANT_CONVERSION = YES;
				CLANG_WARN_DIRECT_OBJC_ISA_USAGE = YES_ERROR;
				CLANG_WARN_EMPTY_BODY = YES;
				CLANG_WARN_ENUM_CONVERSION = YES;
				CLANG_WARN_INT_CONVERSION = YES;
				CLANG_WARN_OBJC_ROOT_CLASS = YES_ERROR;
				CLANG_WARN_UNREACHABLE_CODE = YES;
				CLANG_WARN__DUPLICATE_METHOD_MATCH = YES;
				CODE_SIGN_IDENTITY = "iPhone Developer";
				"CODE_SIGN_IDENTITY[sdk=iphoneos*]" = "iPhone Developer";
				COPY_PHASE_STRIP = NO;
				ENABLE_STRICT_OBJC_MSGSEND = YES;
				GCC_C_LANGUAGE_STANDARD = gnu99;
				GCC_DYNAMIC_NO_PIC = NO;
				GCC_OPTIMIZATION_LEVEL = 0;
				GCC_PREPROCESSOR_DEFINITIONS = (
					"DEBUG=1",
					"$(inherited)",
				);
				GCC_SYMBOLS_PRIVATE_EXTERN = NO;
				GCC_WARN_64_TO_32_BIT_CONVERSION = YES;
				GCC_WARN_ABOUT_RETURN_TYPE = YES_ERROR;
				GCC_WARN_UNDECLARED_SELECTOR = YES;
				GCC_WARN_UNINITIALIZED_AUTOS = YES_AGGRESSIVE;
				GCC_WARN_UNUSED_FUNCTION = YES;
				GCC_WARN_UNUSED_VARIABLE = YES;
				IPHONEOS_DEPLOYMENT_TARGET = 7.1;
				METAL_ENABLE_DEBUG_INFO = YES;
				ONLY_ACTIVE_ARCH = YES;
				SDKROOT = iphoneos7.1;
			};
			name = Debug;
		};
		04AA34841953FC5900600B80 /* Release */ = {
			isa = XCBuildConfiguration;
			buildSettings = {
				ALWAYS_SEARCH_USER_PATHS = NO;
				CLANG_CXX_LANGUAGE_STANDARD = "gnu++0x";
				CLANG_CXX_LIBRARY = "libc++";
				CLANG_ENABLE_MODULES = YES;
				CLANG_ENABLE_OBJC_ARC = YES;
				CLANG_WARN_BOOL_CONVERSION = YES;
				CLANG_WARN_CONSTANT_CONVERSION = YES;
				CLANG_WARN_DIRECT_OBJC_ISA_USAGE = YES_ERROR;
				CLANG_WARN_EMPTY_BODY = YES;
				CLANG_WARN_ENUM_CONVERSION = YES;
				CLANG_WARN_INT_CONVERSION = YES;
				CLANG_WARN_OBJC_ROOT_CLASS = YES_ERROR;
				CLANG_WARN_UNREACHABLE_CODE = YES;
				CLANG_WARN__DUPLICATE_METHOD_MATCH = YES;
				CODE_SIGN_IDENTITY = "iPhone Developer";
				"CODE_SIGN_IDENTITY[sdk=iphoneos*]" = "iPhone Developer";
				COPY_PHASE_STRIP = YES;
				ENABLE_NS_ASSERTIONS = NO;
				ENABLE_STRICT_OBJC_MSGSEND = YES;
				GCC_C_LANGUAGE_STANDARD = gnu99;
				GCC_WARN_64_TO_32_BIT_CONVERSION = YES;
				GCC_WARN_ABOUT_RETURN_TYPE = YES_ERROR;
				GCC_WARN_UNDECLARED_SELECTOR = YES;
				GCC_WARN_UNINITIALIZED_AUTOS = YES_AGGRESSIVE;
				GCC_WARN_UNUSED_FUNCTION = YES;
				GCC_WARN_UNUSED_VARIABLE = YES;
				IPHONEOS_DEPLOYMENT_TARGET = 7.1;
				METAL_ENABLE_DEBUG_INFO = NO;
				SDKROOT = iphoneos7.1;
				VALIDATE_PRODUCT = YES;
			};
			name = Release;
		};
		04AA34861953FC5900600B80 /* Debug */ = {
			isa = XCBuildConfiguration;
			buildSettings = {
				ASSETCATALOG_COMPILER_APPICON_NAME = AppIcon;
				ASSETCATALOG_COMPILER_LAUNCHIMAGE_NAME = LaunchImage;
				CODE_SIGN_IDENTITY = "iPhone Developer";
				"CODE_SIGN_IDENTITY[sdk=iphoneos*]" = "iPhone Developer";
				INFOPLIST_FILE = TagR/Info.plist;
				IPHONEOS_DEPLOYMENT_TARGET = 7.1;
				LD_RUNPATH_SEARCH_PATHS = "$(inherited) @executable_path/Frameworks";
				PRODUCT_NAME = "$(TARGET_NAME)";
				PROVISIONING_PROFILE = "";
				TARGETED_DEVICE_FAMILY = 1;
			};
			name = Debug;
		};
		04AA34871953FC5900600B80 /* Release */ = {
			isa = XCBuildConfiguration;
			buildSettings = {
				ASSETCATALOG_COMPILER_APPICON_NAME = AppIcon;
				ASSETCATALOG_COMPILER_LAUNCHIMAGE_NAME = LaunchImage;
				CODE_SIGN_IDENTITY = "iPhone Developer";
				"CODE_SIGN_IDENTITY[sdk=iphoneos*]" = "iPhone Developer";
				INFOPLIST_FILE = TagR/Info.plist;
				IPHONEOS_DEPLOYMENT_TARGET = 7.1;
				LD_RUNPATH_SEARCH_PATHS = "$(inherited) @executable_path/Frameworks";
				PRODUCT_NAME = "$(TARGET_NAME)";
				PROVISIONING_PROFILE = "";
				TARGETED_DEVICE_FAMILY = 1;
			};
			name = Release;
		};
		04AA34891953FC5900600B80 /* Debug */ = {
			isa = XCBuildConfiguration;
			buildSettings = {
				BUNDLE_LOADER = "$(BUILT_PRODUCTS_DIR)/TagR.app/TagR";
				FRAMEWORK_SEARCH_PATHS = (
					"$(SDKROOT)/Developer/Library/Frameworks",
					"$(inherited)",
				);
				GCC_PREPROCESSOR_DEFINITIONS = (
					"DEBUG=1",
					"$(inherited)",
				);
				INFOPLIST_FILE = TagRTests/Info.plist;
				LD_RUNPATH_SEARCH_PATHS = "$(inherited) @executable_path/Frameworks @loader_path/Frameworks";
				METAL_ENABLE_DEBUG_INFO = YES;
				PRODUCT_NAME = "$(TARGET_NAME)";
				TEST_HOST = "$(BUNDLE_LOADER)";
			};
			name = Debug;
		};
		04AA348A1953FC5900600B80 /* Release */ = {
			isa = XCBuildConfiguration;
			buildSettings = {
				BUNDLE_LOADER = "$(BUILT_PRODUCTS_DIR)/TagR.app/TagR";
				FRAMEWORK_SEARCH_PATHS = (
					"$(SDKROOT)/Developer/Library/Frameworks",
					"$(inherited)",
				);
				INFOPLIST_FILE = TagRTests/Info.plist;
				LD_RUNPATH_SEARCH_PATHS = "$(inherited) @executable_path/Frameworks @loader_path/Frameworks";
				METAL_ENABLE_DEBUG_INFO = NO;
				PRODUCT_NAME = "$(TARGET_NAME)";
				TEST_HOST = "$(BUNDLE_LOADER)";
			};
			name = Release;
		};
/* End XCBuildConfiguration section */

/* Begin XCConfigurationList section */
		04AA345D1953FC5900600B80 /* Build configuration list for PBXProject "TagR" */ = {
			isa = XCConfigurationList;
			buildConfigurations = (
				04AA34831953FC5900600B80 /* Debug */,
				04AA34841953FC5900600B80 /* Release */,
			);
			defaultConfigurationIsVisible = 0;
			defaultConfigurationName = Release;
		};
		04AA34851953FC5900600B80 /* Build configuration list for PBXNativeTarget "TagR" */ = {
			isa = XCConfigurationList;
			buildConfigurations = (
				04AA34861953FC5900600B80 /* Debug */,
				04AA34871953FC5900600B80 /* Release */,
			);
			defaultConfigurationIsVisible = 0;
			defaultConfigurationName = Release;
		};
		04AA34881953FC5900600B80 /* Build configuration list for PBXNativeTarget "TagRTests" */ = {
			isa = XCConfigurationList;
			buildConfigurations = (
				04AA34891953FC5900600B80 /* Debug */,
				04AA348A1953FC5900600B80 /* Release */,
			);
			defaultConfigurationIsVisible = 0;
			defaultConfigurationName = Release;
		};
/* End XCConfigurationList section */

/* Begin XCVersionGroup section */
		04AA346C1953FC5900600B80 /* TagR.xcdatamodeld */ = {
			isa = XCVersionGroup;
			children = (
				04AA346D1953FC5900600B80 /* TagR.xcdatamodel */,
			);
			currentVersion = 04AA346D1953FC5900600B80 /* TagR.xcdatamodel */;
			path = TagR.xcdatamodeld;
			sourceTree = "<group>";
			versionGroupType = wrapper.xcdatamodel;
		};
/* End XCVersionGroup section */
	};
	rootObject = 04AA345A1953FC5900600B80 /* Project object */;
}
